// !$*UTF8*$!
{
	archiveVersion = 1;
	classes = {
	};
	objectVersion = 56;
	objects = {

/* Begin PBXBuildFile section */
		EA4B67E02BAA70E900FA5AEB /* AppDelegate.swift in Sources */ = {isa = PBXBuildFile; fileRef = EA4B67DF2BAA70E900FA5AEB /* AppDelegate.swift */; };
		EA4B67E22BAA70E900FA5AEB /* SceneDelegate.swift in Sources */ = {isa = PBXBuildFile; fileRef = EA4B67E12BAA70E900FA5AEB /* SceneDelegate.swift */; };
		EA4B67E42BAA70E900FA5AEB /* ViewController.swift in Sources */ = {isa = PBXBuildFile; fileRef = EA4B67E32BAA70E900FA5AEB /* ViewController.swift */; };
		EA4B67E72BAA70E900FA5AEB /* Main.storyboard in Resources */ = {isa = PBXBuildFile; fileRef = EA4B67E52BAA70E900FA5AEB /* Main.storyboard */; };
		EA4B67E92BAA70EA00FA5AEB /* Assets.xcassets in Resources */ = {isa = PBXBuildFile; fileRef = EA4B67E82BAA70EA00FA5AEB /* Assets.xcassets */; };
		EA4B67EC2BAA70EA00FA5AEB /* LaunchScreen.storyboard in Resources */ = {isa = PBXBuildFile; fileRef = EA4B67EA2BAA70EA00FA5AEB /* LaunchScreen.storyboard */; };
		EA4B67F72BAA70EA00FA5AEB /* BannerExampleTests.swift in Sources */ = {isa = PBXBuildFile; fileRef = EA4B67F62BAA70EA00FA5AEB /* BannerExampleTests.swift */; };
		EA4B68012BAA70EA00FA5AEB /* BannerExampleUITests.swift in Sources */ = {isa = PBXBuildFile; fileRef = EA4B68002BAA70EA00FA5AEB /* BannerExampleUITests.swift */; };
		EA4B68032BAA70EA00FA5AEB /* BannerExampleUITestsLaunchTests.swift in Sources */ = {isa = PBXBuildFile; fileRef = EA4B68022BAA70EA00FA5AEB /* BannerExampleUITestsLaunchTests.swift */; };
		EA4B68112BAA70FF00FA5AEB /* CouOffsiteAds.xcframework in Frameworks */ = {isa = PBXBuildFile; fileRef = EA4B680F2BAA70FA00FA5AEB /* CouOffsiteAds.xcframework */; };
		EA4B68122BAA70FF00FA5AEB /* CouOffsiteAds.xcframework in Embed Frameworks */ = {isa = PBXBuildFile; fileRef = EA4B680F2BAA70FA00FA5AEB /* CouOffsiteAds.xcframework */; settings = {ATTRIBUTES = (CodeSignOnCopy, RemoveHeadersOnCopy, ); }; };
/* End PBXBuildFile section */

/* Begin PBXContainerItemProxy section */
		EA4B67F32BAA70EA00FA5AEB /* PBXContainerItemProxy */ = {
			isa = PBXContainerItemProxy;
			containerPortal = EA4B67D42BAA70E900FA5AEB /* Project object */;
			proxyType = 1;
			remoteGlobalIDString = EA4B67DB2BAA70E900FA5AEB;
			remoteInfo = BannerExample;
		};
		EA4B67FD2BAA70EA00FA5AEB /* PBXContainerItemProxy */ = {
			isa = PBXContainerItemProxy;
			containerPortal = EA4B67D42BAA70E900FA5AEB /* Project object */;
			proxyType = 1;
			remoteGlobalIDString = EA4B67DB2BAA70E900FA5AEB;
			remoteInfo = BannerExample;
		};
/* End PBXContainerItemProxy section */

/* Begin PBXCopyFilesBuildPhase section */
		EA4B68132BAA70FF00FA5AEB /* Embed Frameworks */ = {
			isa = PBXCopyFilesBuildPhase;
			buildActionMask = 2147483647;
			dstPath = "";
			dstSubfolderSpec = 10;
			files = (
				EA4B68122BAA70FF00FA5AEB /* CouOffsiteAds.xcframework in Embed Frameworks */,
			);
			name = "Embed Frameworks";
			runOnlyForDeploymentPostprocessing = 0;
		};
/* End PBXCopyFilesBuildPhase section */

/* Begin PBXFileReference section */
		EA4B67DC2BAA70E900FA5AEB /* BannerExample.app */ = {isa = PBXFileReference; explicitFileType = wrapper.application; includeInIndex = 0; path = BannerExample.app; sourceTree = BUILT_PRODUCTS_DIR; };
		EA4B67DF2BAA70E900FA5AEB /* AppDelegate.swift */ = {isa = PBXFileReference; lastKnownFileType = sourcecode.swift; path = AppDelegate.swift; sourceTree = "<group>"; };
		EA4B67E12BAA70E900FA5AEB /* SceneDelegate.swift */ = {isa = PBXFileReference; lastKnownFileType = sourcecode.swift; path = SceneDelegate.swift; sourceTree = "<group>"; };
		EA4B67E32BAA70E900FA5AEB /* ViewController.swift */ = {isa = PBXFileReference; lastKnownFileType = sourcecode.swift; path = ViewController.swift; sourceTree = "<group>"; };
		EA4B67E62BAA70E900FA5AEB /* Base */ = {isa = PBXFileReference; lastKnownFileType = file.storyboard; name = Base; path = Base.lproj/Main.storyboard; sourceTree = "<group>"; };
		EA4B67E82BAA70EA00FA5AEB /* Assets.xcassets */ = {isa = PBXFileReference; lastKnownFileType = folder.assetcatalog; path = Assets.xcassets; sourceTree = "<group>"; };
		EA4B67EB2BAA70EA00FA5AEB /* Base */ = {isa = PBXFileReference; lastKnownFileType = file.storyboard; name = Base; path = Base.lproj/LaunchScreen.storyboard; sourceTree = "<group>"; };
		EA4B67ED2BAA70EA00FA5AEB /* Info.plist */ = {isa = PBXFileReference; lastKnownFileType = text.plist.xml; path = Info.plist; sourceTree = "<group>"; };
		EA4B67F22BAA70EA00FA5AEB /* BannerExampleTests.xctest */ = {isa = PBXFileReference; explicitFileType = wrapper.cfbundle; includeInIndex = 0; path = BannerExampleTests.xctest; sourceTree = BUILT_PRODUCTS_DIR; };
		EA4B67F62BAA70EA00FA5AEB /* BannerExampleTests.swift */ = {isa = PBXFileReference; lastKnownFileType = sourcecode.swift; path = BannerExampleTests.swift; sourceTree = "<group>"; };
		EA4B67FC2BAA70EA00FA5AEB /* BannerExampleUITests.xctest */ = {isa = PBXFileReference; explicitFileType = wrapper.cfbundle; includeInIndex = 0; path = BannerExampleUITests.xctest; sourceTree = BUILT_PRODUCTS_DIR; };
		EA4B68002BAA70EA00FA5AEB /* BannerExampleUITests.swift */ = {isa = PBXFileReference; lastKnownFileType = sourcecode.swift; path = BannerExampleUITests.swift; sourceTree = "<group>"; };
		EA4B68022BAA70EA00FA5AEB /* BannerExampleUITestsLaunchTests.swift */ = {isa = PBXFileReference; lastKnownFileType = sourcecode.swift; path = BannerExampleUITestsLaunchTests.swift; sourceTree = "<group>"; };
		EA4B680F2BAA70FA00FA5AEB /* CouOffsiteAds.xcframework */ = {isa = PBXFileReference; lastKnownFileType = wrapper.xcframework; name = CouOffsiteAds.xcframework; path = ../../../SDK/1.0.0/CouOffsiteAds.xcframework; sourceTree = "<group>"; };
/* End PBXFileReference section */

/* Begin PBXFrameworksBuildPhase section */
		EA4B67D92BAA70E900FA5AEB /* Frameworks */ = {
			isa = PBXFrameworksBuildPhase;
			buildActionMask = 2147483647;
			files = (
				EA4B68112BAA70FF00FA5AEB /* CouOffsiteAds.xcframework in Frameworks */,
			);
			runOnlyForDeploymentPostprocessing = 0;
		};
		EA4B67EF2BAA70EA00FA5AEB /* Frameworks */ = {
			isa = PBXFrameworksBuildPhase;
			buildActionMask = 2147483647;
			files = (
			);
			runOnlyForDeploymentPostprocessing = 0;
		};
		EA4B67F92BAA70EA00FA5AEB /* Frameworks */ = {
			isa = PBXFrameworksBuildPhase;
			buildActionMask = 2147483647;
			files = (
			);
			runOnlyForDeploymentPostprocessing = 0;
		};
/* End PBXFrameworksBuildPhase section */

/* Begin PBXGroup section */
		EA4B67D32BAA70E900FA5AEB = {
			isa = PBXGroup;
			children = (
				EA4B67DE2BAA70E900FA5AEB /* BannerExample */,
				EA4B67F52BAA70EA00FA5AEB /* BannerExampleTests */,
				EA4B67FF2BAA70EA00FA5AEB /* BannerExampleUITests */,
				EA4B67DD2BAA70E900FA5AEB /* Products */,
			);
			sourceTree = "<group>";
		};
		EA4B67DD2BAA70E900FA5AEB /* Products */ = {
			isa = PBXGroup;
			children = (
				EA4B67DC2BAA70E900FA5AEB /* BannerExample.app */,
				EA4B67F22BAA70EA00FA5AEB /* BannerExampleTests.xctest */,
				EA4B67FC2BAA70EA00FA5AEB /* BannerExampleUITests.xctest */,
			);
			name = Products;
			sourceTree = "<group>";
		};
		EA4B67DE2BAA70E900FA5AEB /* BannerExample */ = {
			isa = PBXGroup;
			children = (
				EA4B67DF2BAA70E900FA5AEB /* AppDelegate.swift */,
				EA4B67E12BAA70E900FA5AEB /* SceneDelegate.swift */,
				EA4B67E32BAA70E900FA5AEB /* ViewController.swift */,
				EA4B680F2BAA70FA00FA5AEB /* CouOffsiteAds.xcframework */,
				EA4B67E52BAA70E900FA5AEB /* Main.storyboard */,
				EA4B67E82BAA70EA00FA5AEB /* Assets.xcassets */,
				EA4B67EA2BAA70EA00FA5AEB /* LaunchScreen.storyboard */,
				EA4B67ED2BAA70EA00FA5AEB /* Info.plist */,
			);
			path = BannerExample;
			sourceTree = "<group>";
		};
		EA4B67F52BAA70EA00FA5AEB /* BannerExampleTests */ = {
			isa = PBXGroup;
			children = (
				EA4B67F62BAA70EA00FA5AEB /* BannerExampleTests.swift */,
			);
			path = BannerExampleTests;
			sourceTree = "<group>";
		};
		EA4B67FF2BAA70EA00FA5AEB /* BannerExampleUITests */ = {
			isa = PBXGroup;
			children = (
				EA4B68002BAA70EA00FA5AEB /* BannerExampleUITests.swift */,
				EA4B68022BAA70EA00FA5AEB /* BannerExampleUITestsLaunchTests.swift */,
			);
			path = BannerExampleUITests;
			sourceTree = "<group>";
		};
/* End PBXGroup section */

/* Begin PBXNativeTarget section */
		EA4B67DB2BAA70E900FA5AEB /* BannerExample */ = {
			isa = PBXNativeTarget;
			buildConfigurationList = EA4B68062BAA70EA00FA5AEB /* Build configuration list for PBXNativeTarget "BannerExample" */;
			buildPhases = (
				EA4B67D82BAA70E900FA5AEB /* Sources */,
				EA4B67D92BAA70E900FA5AEB /* Frameworks */,
				EA4B67DA2BAA70E900FA5AEB /* Resources */,
				EA4B68132BAA70FF00FA5AEB /* Embed Frameworks */,
			);
			buildRules = (
			);
			dependencies = (
			);
			name = BannerExample;
			productName = BannerExample;
			productReference = EA4B67DC2BAA70E900FA5AEB /* BannerExample.app */;
			productType = "com.apple.product-type.application";
		};
		EA4B67F12BAA70EA00FA5AEB /* BannerExampleTests */ = {
			isa = PBXNativeTarget;
			buildConfigurationList = EA4B68092BAA70EA00FA5AEB /* Build configuration list for PBXNativeTarget "BannerExampleTests" */;
			buildPhases = (
				EA4B67EE2BAA70EA00FA5AEB /* Sources */,
				EA4B67EF2BAA70EA00FA5AEB /* Frameworks */,
				EA4B67F02BAA70EA00FA5AEB /* Resources */,
			);
			buildRules = (
			);
			dependencies = (
				EA4B67F42BAA70EA00FA5AEB /* PBXTargetDependency */,
			);
			name = BannerExampleTests;
			productName = BannerExampleTests;
			productReference = EA4B67F22BAA70EA00FA5AEB /* BannerExampleTests.xctest */;
			productType = "com.apple.product-type.bundle.unit-test";
		};
		EA4B67FB2BAA70EA00FA5AEB /* BannerExampleUITests */ = {
			isa = PBXNativeTarget;
			buildConfigurationList = EA4B680C2BAA70EA00FA5AEB /* Build configuration list for PBXNativeTarget "BannerExampleUITests" */;
			buildPhases = (
				EA4B67F82BAA70EA00FA5AEB /* Sources */,
				EA4B67F92BAA70EA00FA5AEB /* Frameworks */,
				EA4B67FA2BAA70EA00FA5AEB /* Resources */,
			);
			buildRules = (
			);
			dependencies = (
				EA4B67FE2BAA70EA00FA5AEB /* PBXTargetDependency */,
			);
			name = BannerExampleUITests;
			productName = BannerExampleUITests;
			productReference = EA4B67FC2BAA70EA00FA5AEB /* BannerExampleUITests.xctest */;
			productType = "com.apple.product-type.bundle.ui-testing";
		};
/* End PBXNativeTarget section */

/* Begin PBXProject section */
		EA4B67D42BAA70E900FA5AEB /* Project object */ = {
			isa = PBXProject;
			attributes = {
				BuildIndependentTargetsInParallel = 1;
				LastSwiftUpdateCheck = 1430;
				LastUpgradeCheck = 1430;
				TargetAttributes = {
					EA4B67DB2BAA70E900FA5AEB = {
						CreatedOnToolsVersion = 14.3;
					};
					EA4B67F12BAA70EA00FA5AEB = {
						CreatedOnToolsVersion = 14.3;
						TestTargetID = EA4B67DB2BAA70E900FA5AEB;
					};
					EA4B67FB2BAA70EA00FA5AEB = {
						CreatedOnToolsVersion = 14.3;
						TestTargetID = EA4B67DB2BAA70E900FA5AEB;
					};
				};
			};
			buildConfigurationList = EA4B67D72BAA70E900FA5AEB /* Build configuration list for PBXProject "BannerExample" */;
			compatibilityVersion = "Xcode 14.0";
			developmentRegion = en;
			hasScannedForEncodings = 0;
			knownRegions = (
				en,
				Base,
			);
			mainGroup = EA4B67D32BAA70E900FA5AEB;
			productRefGroup = EA4B67DD2BAA70E900FA5AEB /* Products */;
			projectDirPath = "";
			projectRoot = "";
			targets = (
				EA4B67DB2BAA70E900FA5AEB /* BannerExample */,
				EA4B67F12BAA70EA00FA5AEB /* BannerExampleTests */,
				EA4B67FB2BAA70EA00FA5AEB /* BannerExampleUITests */,
			);
		};
/* End PBXProject section */

/* Begin PBXResourcesBuildPhase section */
		EA4B67DA2BAA70E900FA5AEB /* Resources */ = {
			isa = PBXResourcesBuildPhase;
			buildActionMask = 2147483647;
			files = (
				EA4B67EC2BAA70EA00FA5AEB /* LaunchScreen.storyboard in Resources */,
				EA4B67E92BAA70EA00FA5AEB /* Assets.xcassets in Resources */,
				EA4B67E72BAA70E900FA5AEB /* Main.storyboard in Resources */,
			);
			runOnlyForDeploymentPostprocessing = 0;
		};
		EA4B67F02BAA70EA00FA5AEB /* Resources */ = {
			isa = PBXResourcesBuildPhase;
			buildActionMask = 2147483647;
			files = (
			);
			runOnlyForDeploymentPostprocessing = 0;
		};
		EA4B67FA2BAA70EA00FA5AEB /* Resources */ = {
			isa = PBXResourcesBuildPhase;
			buildActionMask = 2147483647;
			files = (
			);
			runOnlyForDeploymentPostprocessing = 0;
		};
/* End PBXResourcesBuildPhase section */

/* Begin PBXSourcesBuildPhase section */
		EA4B67D82BAA70E900FA5AEB /* Sources */ = {
			isa = PBXSourcesBuildPhase;
			buildActionMask = 2147483647;
			files = (
				EA4B67E42BAA70E900FA5AEB /* ViewController.swift in Sources */,
				EA4B67E02BAA70E900FA5AEB /* AppDelegate.swift in Sources */,
				EA4B67E22BAA70E900FA5AEB /* SceneDelegate.swift in Sources */,
			);
			runOnlyForDeploymentPostprocessing = 0;
		};
		EA4B67EE2BAA70EA00FA5AEB /* Sources */ = {
			isa = PBXSourcesBuildPhase;
			buildActionMask = 2147483647;
			files = (
				EA4B67F72BAA70EA00FA5AEB /* BannerExampleTests.swift in Sources */,
			);
			runOnlyForDeploymentPostprocessing = 0;
		};
		EA4B67F82BAA70EA00FA5AEB /* Sources */ = {
			isa = PBXSourcesBuildPhase;
			buildActionMask = 2147483647;
			files = (
				EA4B68012BAA70EA00FA5AEB /* BannerExampleUITests.swift in Sources */,
				EA4B68032BAA70EA00FA5AEB /* BannerExampleUITestsLaunchTests.swift in Sources */,
			);
			runOnlyForDeploymentPostprocessing = 0;
		};
/* End PBXSourcesBuildPhase section */

/* Begin PBXTargetDependency section */
		EA4B67F42BAA70EA00FA5AEB /* PBXTargetDependency */ = {
			isa = PBXTargetDependency;
			target = EA4B67DB2BAA70E900FA5AEB /* BannerExample */;
			targetProxy = EA4B67F32BAA70EA00FA5AEB /* PBXContainerItemProxy */;
		};
		EA4B67FE2BAA70EA00FA5AEB /* PBXTargetDependency */ = {
			isa = PBXTargetDependency;
			target = EA4B67DB2BAA70E900FA5AEB /* BannerExample */;
			targetProxy = EA4B67FD2BAA70EA00FA5AEB /* PBXContainerItemProxy */;
		};
/* End PBXTargetDependency section */

/* Begin PBXVariantGroup section */
		EA4B67E52BAA70E900FA5AEB /* Main.storyboard */ = {
			isa = PBXVariantGroup;
			children = (
				EA4B67E62BAA70E900FA5AEB /* Base */,
			);
			name = Main.storyboard;
			sourceTree = "<group>";
		};
		EA4B67EA2BAA70EA00FA5AEB /* LaunchScreen.storyboard */ = {
			isa = PBXVariantGroup;
			children = (
				EA4B67EB2BAA70EA00FA5AEB /* Base */,
			);
			name = LaunchScreen.storyboard;
			sourceTree = "<group>";
		};
/* End PBXVariantGroup section */

/* Begin XCBuildConfiguration section */
		EA4B68042BAA70EA00FA5AEB /* Debug */ = {
			isa = XCBuildConfiguration;
			buildSettings = {
				ALWAYS_SEARCH_USER_PATHS = NO;
				CLANG_ANALYZER_NONNULL = YES;
				CLANG_ANALYZER_NUMBER_OBJECT_CONVERSION = YES_AGGRESSIVE;
				CLANG_CXX_LANGUAGE_STANDARD = "gnu++20";
				CLANG_ENABLE_MODULES = YES;
				CLANG_ENABLE_OBJC_ARC = YES;
				CLANG_ENABLE_OBJC_WEAK = YES;
				CLANG_WARN_BLOCK_CAPTURE_AUTORELEASING = YES;
				CLANG_WARN_BOOL_CONVERSION = YES;
				CLANG_WARN_COMMA = YES;
				CLANG_WARN_CONSTANT_CONVERSION = YES;
				CLANG_WARN_DEPRECATED_OBJC_IMPLEMENTATIONS = YES;
				CLANG_WARN_DIRECT_OBJC_ISA_USAGE = YES_ERROR;
				CLANG_WARN_DOCUMENTATION_COMMENTS = YES;
				CLANG_WARN_EMPTY_BODY = YES;
				CLANG_WARN_ENUM_CONVERSION = YES;
				CLANG_WARN_INFINITE_RECURSION = YES;
				CLANG_WARN_INT_CONVERSION = YES;
				CLANG_WARN_NON_LITERAL_NULL_CONVERSION = YES;
				CLANG_WARN_OBJC_IMPLICIT_RETAIN_SELF = YES;
				CLANG_WARN_OBJC_LITERAL_CONVERSION = YES;
				CLANG_WARN_OBJC_ROOT_CLASS = YES_ERROR;
				CLANG_WARN_QUOTED_INCLUDE_IN_FRAMEWORK_HEADER = YES;
				CLANG_WARN_RANGE_LOOP_ANALYSIS = YES;
				CLANG_WARN_STRICT_PROTOTYPES = YES;
				CLANG_WARN_SUSPICIOUS_MOVE = YES;
				CLANG_WARN_UNGUARDED_AVAILABILITY = YES_AGGRESSIVE;
				CLANG_WARN_UNREACHABLE_CODE = YES;
				CLANG_WARN__DUPLICATE_METHOD_MATCH = YES;
				COPY_PHASE_STRIP = NO;
				DEBUG_INFORMATION_FORMAT = dwarf;
				ENABLE_STRICT_OBJC_MSGSEND = YES;
				ENABLE_TESTABILITY = YES;
				GCC_C_LANGUAGE_STANDARD = gnu11;
				GCC_DYNAMIC_NO_PIC = NO;
				GCC_NO_COMMON_BLOCKS = YES;
				GCC_OPTIMIZATION_LEVEL = 0;
				GCC_PREPROCESSOR_DEFINITIONS = (
					"DEBUG=1",
					"$(inherited)",
				);
				GCC_WARN_64_TO_32_BIT_CONVERSION = YES;
				GCC_WARN_ABOUT_RETURN_TYPE = YES_ERROR;
				GCC_WARN_UNDECLARED_SELECTOR = YES;
				GCC_WARN_UNINITIALIZED_AUTOS = YES_AGGRESSIVE;
				GCC_WARN_UNUSED_FUNCTION = YES;
				GCC_WARN_UNUSED_VARIABLE = YES;
				IPHONEOS_DEPLOYMENT_TARGET = 16.4;
				MTL_ENABLE_DEBUG_INFO = INCLUDE_SOURCE;
				MTL_FAST_MATH = YES;
				ONLY_ACTIVE_ARCH = YES;
				SDKROOT = iphoneos;
				SWIFT_ACTIVE_COMPILATION_CONDITIONS = DEBUG;
				SWIFT_OPTIMIZATION_LEVEL = "-Onone";
			};
			name = Debug;
		};
		EA4B68052BAA70EA00FA5AEB /* Release */ = {
			isa = XCBuildConfiguration;
			buildSettings = {
				ALWAYS_SEARCH_USER_PATHS = NO;
				CLANG_ANALYZER_NONNULL = YES;
				CLANG_ANALYZER_NUMBER_OBJECT_CONVERSION = YES_AGGRESSIVE;
				CLANG_CXX_LANGUAGE_STANDARD = "gnu++20";
				CLANG_ENABLE_MODULES = YES;
				CLANG_ENABLE_OBJC_ARC = YES;
				CLANG_ENABLE_OBJC_WEAK = YES;
				CLANG_WARN_BLOCK_CAPTURE_AUTORELEASING = YES;
				CLANG_WARN_BOOL_CONVERSION = YES;
				CLANG_WARN_COMMA = YES;
				CLANG_WARN_CONSTANT_CONVERSION = YES;
				CLANG_WARN_DEPRECATED_OBJC_IMPLEMENTATIONS = YES;
				CLANG_WARN_DIRECT_OBJC_ISA_USAGE = YES_ERROR;
				CLANG_WARN_DOCUMENTATION_COMMENTS = YES;
				CLANG_WARN_EMPTY_BODY = YES;
				CLANG_WARN_ENUM_CONVERSION = YES;
				CLANG_WARN_INFINITE_RECURSION = YES;
				CLANG_WARN_INT_CONVERSION = YES;
				CLANG_WARN_NON_LITERAL_NULL_CONVERSION = YES;
				CLANG_WARN_OBJC_IMPLICIT_RETAIN_SELF = YES;
				CLANG_WARN_OBJC_LITERAL_CONVERSION = YES;
				CLANG_WARN_OBJC_ROOT_CLASS = YES_ERROR;
				CLANG_WARN_QUOTED_INCLUDE_IN_FRAMEWORK_HEADER = YES;
				CLANG_WARN_RANGE_LOOP_ANALYSIS = YES;
				CLANG_WARN_STRICT_PROTOTYPES = YES;
				CLANG_WARN_SUSPICIOUS_MOVE = YES;
				CLANG_WARN_UNGUARDED_AVAILABILITY = YES_AGGRESSIVE;
				CLANG_WARN_UNREACHABLE_CODE = YES;
				CLANG_WARN__DUPLICATE_METHOD_MATCH = YES;
				COPY_PHASE_STRIP = NO;
				DEBUG_INFORMATION_FORMAT = "dwarf-with-dsym";
				ENABLE_NS_ASSERTIONS = NO;
				ENABLE_STRICT_OBJC_MSGSEND = YES;
				GCC_C_LANGUAGE_STANDARD = gnu11;
				GCC_NO_COMMON_BLOCKS = YES;
				GCC_WARN_64_TO_32_BIT_CONVERSION = YES;
				GCC_WARN_ABOUT_RETURN_TYPE = YES_ERROR;
				GCC_WARN_UNDECLARED_SELECTOR = YES;
				GCC_WARN_UNINITIALIZED_AUTOS = YES_AGGRESSIVE;
				GCC_WARN_UNUSED_FUNCTION = YES;
				GCC_WARN_UNUSED_VARIABLE = YES;
				IPHONEOS_DEPLOYMENT_TARGET = 16.4;
				MTL_ENABLE_DEBUG_INFO = NO;
				MTL_FAST_MATH = YES;
				SDKROOT = iphoneos;
				SWIFT_COMPILATION_MODE = wholemodule;
				SWIFT_OPTIMIZATION_LEVEL = "-O";
				VALIDATE_PRODUCT = YES;
			};
			name = Release;
		};
		EA4B68072BAA70EA00FA5AEB /* Debug */ = {
			isa = XCBuildConfiguration;
			buildSettings = {
				ASSETCATALOG_COMPILER_APPICON_NAME = AppIcon;
				ASSETCATALOG_COMPILER_GLOBAL_ACCENT_COLOR_NAME = AccentColor;
				CODE_SIGN_STYLE = Automatic;
				CURRENT_PROJECT_VERSION = 1;
				GENERATE_INFOPLIST_FILE = YES;
				INFOPLIST_FILE = BannerExample/Info.plist;
				INFOPLIST_KEY_UIApplicationSupportsIndirectInputEvents = YES;
				INFOPLIST_KEY_UILaunchStoryboardName = LaunchScreen;
				INFOPLIST_KEY_UIMainStoryboardFile = Main;
				INFOPLIST_KEY_UISupportedInterfaceOrientations_iPad = "UIInterfaceOrientationPortrait UIInterfaceOrientationPortraitUpsideDown UIInterfaceOrientationLandscapeLeft UIInterfaceOrientationLandscapeRight";
				INFOPLIST_KEY_UISupportedInterfaceOrientations_iPhone = "UIInterfaceOrientationPortrait UIInterfaceOrientationLandscapeLeft UIInterfaceOrientationLandscapeRight";
				LD_RUNPATH_SEARCH_PATHS = (
					"$(inherited)",
					"@executable_path/Frameworks",
				);
				MARKETING_VERSION = 1.0;
				PRODUCT_BUNDLE_IDENTIFIER = com.coupang.BannerExample;
				PRODUCT_NAME = "$(TARGET_NAME)";
				SWIFT_EMIT_LOC_STRINGS = YES;
				SWIFT_VERSION = 5.0;
				TARGETED_DEVICE_FAMILY = "1,2";
			};
			name = Debug;
		};
		EA4B68082BAA70EA00FA5AEB /* Release */ = {
			isa = XCBuildConfiguration;
			buildSettings = {
				ASSETCATALOG_COMPILER_APPICON_NAME = AppIcon;
				ASSETCATALOG_COMPILER_GLOBAL_ACCENT_COLOR_NAME = AccentColor;
				CODE_SIGN_STYLE = Automatic;
				CURRENT_PROJECT_VERSION = 1;
				GENERATE_INFOPLIST_FILE = YES;
				INFOPLIST_FILE = BannerExample/Info.plist;
				INFOPLIST_KEY_UIApplicationSupportsIndirectInputEvents = YES;
				INFOPLIST_KEY_UILaunchStoryboardName = LaunchScreen;
				INFOPLIST_KEY_UIMainStoryboardFile = Main;
				INFOPLIST_KEY_UISupportedInterfaceOrientations_iPad = "UIInterfaceOrientationPortrait UIInterfaceOrientationPortraitUpsideDown UIInterfaceOrientationLandscapeLeft UIInterfaceOrientationLandscapeRight";
				INFOPLIST_KEY_UISupportedInterfaceOrientations_iPhone = "UIInterfaceOrientationPortrait UIInterfaceOrientationLandscapeLeft UIInterfaceOrientationLandscapeRight";
				LD_RUNPATH_SEARCH_PATHS = (
					"$(inherited)",
					"@executable_path/Frameworks",
				);
				MARKETING_VERSION = 1.0;
				PRODUCT_BUNDLE_IDENTIFIER = com.coupang.BannerExample;
				PRODUCT_NAME = "$(TARGET_NAME)";
				SWIFT_EMIT_LOC_STRINGS = YES;
				SWIFT_VERSION = 5.0;
				TARGETED_DEVICE_FAMILY = "1,2";
			};
			name = Release;
		};
		EA4B680A2BAA70EA00FA5AEB /* Debug */ = {
			isa = XCBuildConfiguration;
			buildSettings = {
				ALWAYS_EMBED_SWIFT_STANDARD_LIBRARIES = YES;
				BUNDLE_LOADER = "$(TEST_HOST)";
				CODE_SIGN_STYLE = Automatic;
				CURRENT_PROJECT_VERSION = 1;
				GENERATE_INFOPLIST_FILE = YES;
				IPHONEOS_DEPLOYMENT_TARGET = 16.4;
				MARKETING_VERSION = 1.0;
				PRODUCT_BUNDLE_IDENTIFIER = com.coupang.BannerExampleTests;
				PRODUCT_NAME = "$(TARGET_NAME)";
				SWIFT_EMIT_LOC_STRINGS = NO;
				SWIFT_VERSION = 5.0;
				TARGETED_DEVICE_FAMILY = "1,2";
				TEST_HOST = "$(BUILT_PRODUCTS_DIR)/BannerExample.app/$(BUNDLE_EXECUTABLE_FOLDER_PATH)/BannerExample";
			};
			name = Debug;
		};
		EA4B680B2BAA70EA00FA5AEB /* Release */ = {
			isa = XCBuildConfiguration;
			buildSettings = {
				ALWAYS_EMBED_SWIFT_STANDARD_LIBRARIES = YES;
				BUNDLE_LOADER = "$(TEST_HOST)";
				CODE_SIGN_STYLE = Automatic;
				CURRENT_PROJECT_VERSION = 1;
				GENERATE_INFOPLIST_FILE = YES;
				IPHONEOS_DEPLOYMENT_TARGET = 16.4;
				MARKETING_VERSION = 1.0;
				PRODUCT_BUNDLE_IDENTIFIER = com.coupang.BannerExampleTests;
				PRODUCT_NAME = "$(TARGET_NAME)";
				SWIFT_EMIT_LOC_STRINGS = NO;
				SWIFT_VERSION = 5.0;
				TARGETED_DEVICE_FAMILY = "1,2";
				TEST_HOST = "$(BUILT_PRODUCTS_DIR)/BannerExample.app/$(BUNDLE_EXECUTABLE_FOLDER_PATH)/BannerExample";
			};
			name = Release;
		};
		EA4B680D2BAA70EA00FA5AEB /* Debug */ = {
			isa = XCBuildConfiguration;
			buildSettings = {
				ALWAYS_EMBED_SWIFT_STANDARD_LIBRARIES = YES;
				CODE_SIGN_STYLE = Automatic;
				CURRENT_PROJECT_VERSION = 1;
				GENERATE_INFOPLIST_FILE = YES;
				MARKETING_VERSION = 1.0;
				PRODUCT_BUNDLE_IDENTIFIER = com.coupang.BannerExampleUITests;
				PRODUCT_NAME = "$(TARGET_NAME)";
				SWIFT_EMIT_LOC_STRINGS = NO;
				SWIFT_VERSION = 5.0;
				TARGETED_DEVICE_FAMILY = "1,2";
				TEST_TARGET_NAME = BannerExample;
			};
			name = Debug;
		};
		EA4B680E2BAA70EA00FA5AEB /* Release */ = {
			isa = XCBuildConfiguration;
			buildSettings = {
				ALWAYS_EMBED_SWIFT_STANDARD_LIBRARIES = YES;
				CODE_SIGN_STYLE = Automatic;
				CURRENT_PROJECT_VERSION = 1;
				GENERATE_INFOPLIST_FILE = YES;
				MARKETING_VERSION = 1.0;
				PRODUCT_BUNDLE_IDENTIFIER = com.coupang.BannerExampleUITests;
				PRODUCT_NAME = "$(TARGET_NAME)";
				SWIFT_EMIT_LOC_STRINGS = NO;
				SWIFT_VERSION = 5.0;
				TARGETED_DEVICE_FAMILY = "1,2";
				TEST_TARGET_NAME = BannerExample;
			};
			name = Release;
		};
/* End XCBuildConfiguration section */

/* Begin XCConfigurationList section */
		EA4B67D72BAA70E900FA5AEB /* Build configuration list for PBXProject "BannerExample" */ = {
			isa = XCConfigurationList;
			buildConfigurations = (
				EA4B68042BAA70EA00FA5AEB /* Debug */,
				EA4B68052BAA70EA00FA5AEB /* Release */,
			);
			defaultConfigurationIsVisible = 0;
			defaultConfigurationName = Release;
		};
		EA4B68062BAA70EA00FA5AEB /* Build configuration list for PBXNativeTarget "BannerExample" */ = {
			isa = XCConfigurationList;
			buildConfigurations = (
				EA4B68072BAA70EA00FA5AEB /* Debug */,
				EA4B68082BAA70EA00FA5AEB /* Release */,
			);
			defaultConfigurationIsVisible = 0;
			defaultConfigurationName = Release;
		};
		EA4B68092BAA70EA00FA5AEB /* Build configuration list for PBXNativeTarget "BannerExampleTests" */ = {
			isa = XCConfigurationList;
			buildConfigurations = (
				EA4B680A2BAA70EA00FA5AEB /* Debug */,
				EA4B680B2BAA70EA00FA5AEB /* Release */,
			);
			defaultConfigurationIsVisible = 0;
			defaultConfigurationName = Release;
		};
		EA4B680C2BAA70EA00FA5AEB /* Build configuration list for PBXNativeTarget "BannerExampleUITests" */ = {
			isa = XCConfigurationList;
			buildConfigurations = (
				EA4B680D2BAA70EA00FA5AEB /* Debug */,
				EA4B680E2BAA70EA00FA5AEB /* Release */,
			);
			defaultConfigurationIsVisible = 0;
			defaultConfigurationName = Release;
		};
/* End XCConfigurationList section */
	};
	rootObject = EA4B67D42BAA70E900FA5AEB /* Project object */;
}
